
Microsoft Visual Studio Solution File, Format Version 12.00
# Visual Studio 15
VisualStudioVersion = 15.0.27130.2024
MinimumVisualStudioVersion = 10.0.40219.1
Project("{9A19103F-16F7-4668-BE54-9A1E7A4F7556}") = "FlavorsOfMagma.Interfaces", "FlavorsOfMagma.Interfaces/FlavorsOfMagma.Interfaces.csproj", "{760597D7-2413-4391-AFBD-9B76C7FF610B}"
EndProject
Global
	GlobalSection(SolutionConfigurationPlatforms) = preSolution
		Debug|Any CPU = Debug|Any CPU
		Release|Any CPU = Release|Any CPU
	EndGlobalSection
	GlobalSection(ProjectConfigurationPlatforms) = postSolution
		{760597D7-2413-4391-AFBD-9B76C7FF610B}.Debug|Any CPU.ActiveCfg = Debug|Any CPU
		{760597D7-2413-4391-AFBD-9B76C7FF610B}.Debug|Any CPU.Build.0 = Debug|Any CPU
		{760597D7-2413-4391-AFBD-9B76C7FF610B}.Release|Any CPU.ActiveCfg = Release|Any CPU
		{760597D7-2413-4391-AFBD-9B76C7FF610B}.Release|Any CPU.Build.0 = Release|Any CPU
	EndGlobalSection
	GlobalSection(SolutionProperties) = preSolution
		HideSolutionNode = FALSE
	EndGlobalSection
	GlobalSection(ExtensibilityGlobals) = postSolution
		SolutionGuid = {38321AD1-DD0F-49A0-9CD2-25A33C807156}
	EndGlobalSection
EndGlobal
